{
  "name": "bangalore-travel-engine",
  "lockfileVersion": 3,
  "requires": true,
  "packages": {
    "": {
      "devDependencies": {
        "baseline-browser-mapping": "^2.11.15"
      }
    },
    "node_modules/baseline-browser-mapping": {
      "version": "2.11.15",
      "resolved": "https://registry.npmjs.org/baseline-browser-mapping/-/baseline-browser-mapping-2.11.15.tgz",
      "integrity": "sha512-FwMjJJ7HnyZpWe+oWxegG0fezZyBZUagI5LZEoO3GCbtbKNwRfMH9Ue5d5v01PNePBy1QSfPSDTTeVL0Hb9EzA==",
      "dev": true,
      "license": "Apache-2.0",
      "bin": {
        "baseline-browser-mapping": "dist/cli.cjs"
      },
      "engines": {
        "node": ">=6.0.0"
      }
    }
  }
}
